
Microsoft Visual Studio Solution File, Format Version 12.00
# Visual Studio Version 16
VisualStudioVersion = 16.6.30114.105
MinimumVisualStudioVersion = 10.0.40219.1
Project("{2150E333-8FDC-42A3-9474-1A3956D46DE8}") = "src", "src", "{E08093A7-1916-4B9D-B07A-577CBB92CB87}"
EndProject
Project("{FAE04EC0-301F-11D3-BF4B-00C04F79EFBC}") = "S3Pop3Server", "src\S3Pop3Server\S3Pop3Server.csproj", "{16CC35EC-9E70-4DCB-9CEF-21BD09836085}"
EndProject
Project("{2150E333-8FDC-42A3-9474-1A3956D46DE8}") = "test", "test", "{2832E05D-3602-4DB4-92FC-BE9802E86567}"
EndProject
Project("{FAE04EC0-301F-11D3-BF4B-00C04F79EFBC}") = "S3Pop3Server.Tests", "test\S3Pop3Server.Tests\S3Pop3Server.Tests.csproj", "{D6E7E223-335D-4540-83BA-A877CE19306D}"
EndProject
Global
	GlobalSection(SolutionConfigurationPlatforms) = preSolution
		Debug|Any CPU = Debug|Any CPU
		Debug|x64 = Debug|x64
		Debug|x86 = Debug|x86
		Release|Any CPU = Release|Any CPU
		Release|x64 = Release|x64
		Release|x86 = Release|x86
	EndGlobalSection
	GlobalSection(SolutionProperties) = preSolution
		HideSolutionNode = FALSE
	EndGlobalSection
	GlobalSection(ProjectConfigurationPlatforms) = postSolution
		{16CC35EC-9E70-4DCB-9CEF-21BD09836085}.Debug|Any CPU.ActiveCfg = Debug|Any CPU
		{16CC35EC-9E70-4DCB-9CEF-21BD09836085}.Debug|Any CPU.Build.0 = Debug|Any CPU
		{16CC35EC-9E70-4DCB-9CEF-21BD09836085}.Debug|x64.ActiveCfg = Debug|Any CPU
		{16CC35EC-9E70-4DCB-9CEF-21BD09836085}.Debug|x64.Build.0 = Debug|Any CPU
		{16CC35EC-9E70-4DCB-9CEF-21BD09836085}.Debug|x86.ActiveCfg = Debug|Any CPU
		{16CC35EC-9E70-4DCB-9CEF-21BD09836085}.Debug|x86.Build.0 = Debug|Any CPU
		{16CC35EC-9E70-4DCB-9CEF-21BD09836085}.Release|Any CPU.ActiveCfg = Release|Any CPU
		{16CC35EC-9E70-4DCB-9CEF-21BD09836085}.Release|Any CPU.Build.0 = Release|Any CPU
		{16CC35EC-9E70-4DCB-9CEF-21BD09836085}.Release|x64.ActiveCfg = Release|Any CPU
		{16CC35EC-9E70-4DCB-9CEF-21BD09836085}.Release|x64.Build.0 = Release|Any CPU
		{16CC35EC-9E70-4DCB-9CEF-21BD09836085}.Release|x86.ActiveCfg = Release|Any CPU
		{16CC35EC-9E70-4DCB-9CEF-21BD09836085}.Release|x86.Build.0 = Release|Any CPU
		{D6E7E223-335D-4540-83BA-A877CE19306D}.Debug|Any CPU.ActiveCfg = Debug|Any CPU
		{D6E7E223-335D-4540-83BA-A877CE19306D}.Debug|Any CPU.Build.0 = Debug|Any CPU
		{D6E7E223-335D-4540-83BA-A877CE19306D}.Debug|x64.ActiveCfg = Debug|Any CPU
		{D6E7E223-335D-4540-83BA-A877CE19306D}.Debug|x64.Build.0 = Debug|Any CPU
		{D6E7E223-335D-4540-83BA-A877CE19306D}.Debug|x86.ActiveCfg = Debug|Any CPU
		{D6E7E223-335D-4540-83BA-A877CE19306D}.Debug|x86.Build.0 = Debug|Any CPU
		{D6E7E223-335D-4540-83BA-A877CE19306D}.Release|Any CPU.ActiveCfg = Release|Any CPU
		{D6E7E223-335D-4540-83BA-A877CE19306D}.Release|Any CPU.Build.0 = Release|Any CPU
		{D6E7E223-335D-4540-83BA-A877CE19306D}.Release|x64.ActiveCfg = Release|Any CPU
		{D6E7E223-335D-4540-83BA-A877CE19306D}.Release|x64.Build.0 = Release|Any CPU
		{D6E7E223-335D-4540-83BA-A877CE19306D}.Release|x86.ActiveCfg = Release|Any CPU
		{D6E7E223-335D-4540-83BA-A877CE19306D}.Release|x86.Build.0 = Release|Any CPU
	EndGlobalSection
	GlobalSection(NestedProjects) = preSolution
		{16CC35EC-9E70-4DCB-9CEF-21BD09836085} = {E08093A7-1916-4B9D-B07A-577CBB92CB87}
		{D6E7E223-335D-4540-83BA-A877CE19306D} = {2832E05D-3602-4DB4-92FC-BE9802E86567}
	EndGlobalSection
EndGlobal
